{
    "_readme": [
        "This file locks the dependencies of your project to a known state",
        "Read more about it at https://getcomposer.org/doc/01-basic-usage.md#composer-lock-the-lock-file",
        "This file is @generated automatically"
    ],
    "hash": "56d6fa4166675a0a88b7541112ab5f8f",
    "content-hash": "b3c43b91e8516b5672e9ca58b39cff93",
    "packages": [
        {
            "name": "tau/database",
            "version": "1.0",
            "source": {
                "type": "git",
                "url": "https://github.com/yaliya/database.git",
                "reference": "7ba3e868bd63a6761bd18bd976389906453d663f"
            },
            "dist": {
                "type": "zip",
                "url": "https://api.github.com/repos/yaliya/database/zipball/7ba3e868bd63a6761bd18bd976389906453d663f",
                "reference": "7ba3e868bd63a6761bd18bd976389906453d663f",
                "shasum": ""
            },
            "type": "library",
            "autoload": {
                "psr-4": {
                    "Tau\\": "Tau"
                }
            },
            "notification-url": "https://packagist.org/downloads/",
            "license": [
                "MIT"
            ],
            "description": "PHP Database Abstraction Layer",
            "time": "2017-01-28 15:18:22"
        },
        {
            "name": "tau/http",
            "version": "1.1",
            "source": {
                "type": "git",
                "url": "https://github.com/yaliya/http.git",
                "reference": "533569573c99c7042f910c145650bd2982d1be34"
            },
            "dist": {
                "type": "zip",
                "url": "https://api.github.com/repos/yaliya/http/zipball/533569573c99c7042f910c145650bd2982d1be34",
                "reference": "533569573c99c7042f910c145650bd2982d1be34",
                "shasum": ""
            },
            "type": "library",
            "autoload": {
                "psr-4": {
                    "Tau\\": "Tau"
                }
            },
            "notification-url": "https://packagist.org/downloads/",
            "license": [
                "MIT"
            ],
            "authors": [
                {
                    "name": "Yusuf Aliya",
                    "email": "yaliyyaa@gmail.com",
                    "role": "Developer"
                }
            ],
            "time": "2017-01-22 13:33:21"
        },
        {
            "name": "tau/router",
            "version": "1.1",
            "source": {
                "type": "git",
                "url": "https://github.com/yaliya/router.git",
                "reference": "a8747cad595b124a4626f0d16d91c4b59f1c1387"
            },
            "dist": {
                "type": "zip",
                "url": "https://api.github.com/repos/yaliya/router/zipball/a8747cad595b124a4626f0d16d91c4b59f1c1387",
                "reference": "a8747cad595b124a4626f0d16d91c4b59f1c1387",
                "shasum": ""
            },
            "type": "library",
            "autoload": {
                "psr-4": {
                    "Tau\\": "Tau"
                }
            },
            "notification-url": "https://packagist.org/downloads/",
            "license": [
                "MIT"
            ],
            "authors": [
                {
                    "name": "Yusuf Aliya",
                    "email": "yaliyyaa@gmail.com",
                    "role": "Developer"
                }
            ],
            "time": "2017-01-22 13:34:04"
        },
        {
            "name": "tau/view",
            "version": "1.0",
            "source": {
                "type": "git",
                "url": "https://github.com/yaliya/view.git",
                "reference": "db0194c587d6396d946ec32b71f5a45e7594bb54"
            },
            "dist": {
                "type": "zip",
                "url": "https://api.github.com/repos/yaliya/view/zipball/db0194c587d6396d946ec32b71f5a45e7594bb54",
                "reference": "db0194c587d6396d946ec32b71f5a45e7594bb54",
                "shasum": ""
            },
            "require": {
                "twig/twig": "^1.31"
            },
            "type": "library",
            "autoload": {
                "psr-4": {
                    "Tau\\": "Tau"
                }
            },
            "notification-url": "https://packagist.org/downloads/",
            "license": [
                "MIT"
            ],
            "description": "Templating Engines for Tau",
            "time": "2017-01-27 23:23:43"
        },
        {
            "name": "twig/twig",
            "version": "v1.31.0",
            "source": {
                "type": "git",
                "url": "https://github.com/twigphp/Twig.git",
                "reference": "ddc9e3e20ee9c0b6908f401ac8353635b750eca7"
            },
            "dist": {
                "type": "zip",
                "url": "https://api.github.com/repos/twigphp/Twig/zipball/ddc9e3e20ee9c0b6908f401ac8353635b750eca7",
                "reference": "ddc9e3e20ee9c0b6908f401ac8353635b750eca7",
                "shasum": ""
            },
            "require": {
                "php": ">=5.2.7"
            },
            "require-dev": {
                "symfony/debug": "~2.7",
                "symfony/phpunit-bridge": "~3.2"
            },
            "type": "library",
            "extra": {
                "branch-alias": {
                    "dev-master": "1.31-dev"
                }
            },
            "autoload": {
                "psr-0": {
                    "Twig_": "lib/"
                }
            },
            "notification-url": "https://packagist.org/downloads/",
            "license": [
                "BSD-3-Clause"
            ],
            "authors": [
                {
                    "name": "Fabien Potencier",
                    "email": "fabien@symfony.com",
                    "homepage": "http://fabien.potencier.org",
                    "role": "Lead Developer"
                },
                {
                    "name": "Armin Ronacher",
                    "email": "armin.ronacher@active-4.com",
                    "role": "Project Founder"
                },
                {
                    "name": "Twig Team",
                    "homepage": "http://twig.sensiolabs.org/contributors",
                    "role": "Contributors"
                }
            ],
            "description": "Twig, the flexible, fast, and secure template language for PHP",
            "homepage": "http://twig.sensiolabs.org",
            "keywords": [
                "templating"
            ],
            "time": "2017-01-11 19:36:15"
        }
    ],
    "packages-dev": [],
    "aliases": [],
    "minimum-stability": "stable",
    "stability-flags": [],
    "prefer-stable": false,
    "prefer-lowest": false,
    "platform": [],
    "platform-dev": []
}
